
Microsoft Visual Studio Solution File, Format Version 12.00
# Visual Studio 14
VisualStudioVersion = 14.0.23107.0
MinimumVisualStudioVersion = 10.0.40219.1
Project("{8BC9CEB8-8B4A-11D0-8D11-00A0C91BC942}") = "Library", "Library\Library.vcxproj", "{17430368-BEC7-4FDD-BBB0-119C497B2C5E}"
EndProject
Project("{8BC9CEB8-8B4A-11D0-8D11-00A0C91BC942}") = "02_Shaders", "02_Shaders\02_Shaders.vcxproj", "{CAEC874F-7960-444D-AABC-4FF5E305FFF1}"
EndProject
Project("{8BC9CEB8-8B4A-11D0-8D11-00A0C91BC942}") = "01_Triangle", "01_Triangle\01_Triangle.vcxproj", "{FE2A898A-C169-4E3A-B632-81C39E234DED}"
EndProject
Project("{8BC9CEB8-8B4A-11D0-8D11-00A0C91BC942}") = "03_Textures", "03_Textures\03_Textures.vcxproj", "{A0A03869-2109-4661-ACED-2D7DE3BC5DD8}"
EndProject
Project("{8BC9CEB8-8B4A-11D0-8D11-00A0C91BC942}") = "04_Transformations", "04_Transformations\04_Transformations.vcxproj", "{FB913180-FC89-4F81-A99D-7F17BCF66AE5}"
EndProject
Project("{8BC9CEB8-8B4A-11D0-8D11-00A0C91BC942}") = "05_CoordinateSystems", "05_CoordinateSystems\05_CoordinateSystems.vcxproj", "{EF9A22E7-D497-4C24-B621-A055174296B1}"
EndProject
Project("{8BC9CEB8-8B4A-11D0-8D11-00A0C91BC942}") = "06_Camera", "06_Camera\06_Camera.vcxproj", "{C81B3291-E74B-429A-9F81-6EEE27D239C0}"
EndProject
Project("{8BC9CEB8-8B4A-11D0-8D11-00A0C91BC942}") = "07_Colors", "07_Colors\07_Colors.vcxproj", "{950DAD91-C87E-4C62-9BA2-0C4E6102A3C1}"
EndProject
Project("{8BC9CEB8-8B4A-11D0-8D11-00A0C91BC942}") = "08_PhongLighting", "08_PhongLighting\08_PhongLighting.vcxproj", "{CF75CC5B-6AA4-40CE-A55B-3663C32E263D}"
EndProject
Global
	GlobalSection(SolutionConfigurationPlatforms) = preSolution
		Debug|x64 = Debug|x64
		Debug|x86 = Debug|x86
		Release|x64 = Release|x64
		Release|x86 = Release|x86
	EndGlobalSection
	GlobalSection(ProjectConfigurationPlatforms) = postSolution
		{17430368-BEC7-4FDD-BBB0-119C497B2C5E}.Debug|x64.ActiveCfg = Debug|x64
		{17430368-BEC7-4FDD-BBB0-119C497B2C5E}.Debug|x64.Build.0 = Debug|x64
		{17430368-BEC7-4FDD-BBB0-119C497B2C5E}.Debug|x86.ActiveCfg = Debug|Win32
		{17430368-BEC7-4FDD-BBB0-119C497B2C5E}.Debug|x86.Build.0 = Debug|Win32
		{17430368-BEC7-4FDD-BBB0-119C497B2C5E}.Release|x64.ActiveCfg = Release|x64
		{17430368-BEC7-4FDD-BBB0-119C497B2C5E}.Release|x64.Build.0 = Release|x64
		{17430368-BEC7-4FDD-BBB0-119C497B2C5E}.Release|x86.ActiveCfg = Release|Win32
		{17430368-BEC7-4FDD-BBB0-119C497B2C5E}.Release|x86.Build.0 = Release|Win32
		{CAEC874F-7960-444D-AABC-4FF5E305FFF1}.Debug|x64.ActiveCfg = Debug|x64
		{CAEC874F-7960-444D-AABC-4FF5E305FFF1}.Debug|x64.Build.0 = Debug|x64
		{CAEC874F-7960-444D-AABC-4FF5E305FFF1}.Debug|x86.ActiveCfg = Debug|Win32
		{CAEC874F-7960-444D-AABC-4FF5E305FFF1}.Debug|x86.Build.0 = Debug|Win32
		{CAEC874F-7960-444D-AABC-4FF5E305FFF1}.Release|x64.ActiveCfg = Release|x64
		{CAEC874F-7960-444D-AABC-4FF5E305FFF1}.Release|x64.Build.0 = Release|x64
		{CAEC874F-7960-444D-AABC-4FF5E305FFF1}.Release|x86.ActiveCfg = Release|Win32
		{CAEC874F-7960-444D-AABC-4FF5E305FFF1}.Release|x86.Build.0 = Release|Win32
		{FE2A898A-C169-4E3A-B632-81C39E234DED}.Debug|x64.ActiveCfg = Debug|x64
		{FE2A898A-C169-4E3A-B632-81C39E234DED}.Debug|x64.Build.0 = Debug|x64
		{FE2A898A-C169-4E3A-B632-81C39E234DED}.Debug|x86.ActiveCfg = Debug|Win32
		{FE2A898A-C169-4E3A-B632-81C39E234DED}.Debug|x86.Build.0 = Debug|Win32
		{FE2A898A-C169-4E3A-B632-81C39E234DED}.Release|x64.ActiveCfg = Release|x64
		{FE2A898A-C169-4E3A-B632-81C39E234DED}.Release|x64.Build.0 = Release|x64
		{FE2A898A-C169-4E3A-B632-81C39E234DED}.Release|x86.ActiveCfg = Release|Win32
		{FE2A898A-C169-4E3A-B632-81C39E234DED}.Release|x86.Build.0 = Release|Win32
		{A0A03869-2109-4661-ACED-2D7DE3BC5DD8}.Debug|x64.ActiveCfg = Debug|x64
		{A0A03869-2109-4661-ACED-2D7DE3BC5DD8}.Debug|x64.Build.0 = Debug|x64
		{A0A03869-2109-4661-ACED-2D7DE3BC5DD8}.Debug|x86.ActiveCfg = Debug|Win32
		{A0A03869-2109-4661-ACED-2D7DE3BC5DD8}.Debug|x86.Build.0 = Debug|Win32
		{A0A03869-2109-4661-ACED-2D7DE3BC5DD8}.Release|x64.ActiveCfg = Release|x64
		{A0A03869-2109-4661-ACED-2D7DE3BC5DD8}.Release|x64.Build.0 = Release|x64
		{A0A03869-2109-4661-ACED-2D7DE3BC5DD8}.Release|x86.ActiveCfg = Release|Win32
		{A0A03869-2109-4661-ACED-2D7DE3BC5DD8}.Release|x86.Build.0 = Release|Win32
		{FB913180-FC89-4F81-A99D-7F17BCF66AE5}.Debug|x64.ActiveCfg = Debug|x64
		{FB913180-FC89-4F81-A99D-7F17BCF66AE5}.Debug|x64.Build.0 = Debug|x64
		{FB913180-FC89-4F81-A99D-7F17BCF66AE5}.Debug|x86.ActiveCfg = Debug|Win32
		{FB913180-FC89-4F81-A99D-7F17BCF66AE5}.Debug|x86.Build.0 = Debug|Win32
		{FB913180-FC89-4F81-A99D-7F17BCF66AE5}.Release|x64.ActiveCfg = Release|x64
		{FB913180-FC89-4F81-A99D-7F17BCF66AE5}.Release|x64.Build.0 = Release|x64
		{FB913180-FC89-4F81-A99D-7F17BCF66AE5}.Release|x86.ActiveCfg = Release|Win32
		{FB913180-FC89-4F81-A99D-7F17BCF66AE5}.Release|x86.Build.0 = Release|Win32
		{EF9A22E7-D497-4C24-B621-A055174296B1}.Debug|x64.ActiveCfg = Debug|x64
		{EF9A22E7-D497-4C24-B621-A055174296B1}.Debug|x64.Build.0 = Debug|x64
		{EF9A22E7-D497-4C24-B621-A055174296B1}.Debug|x86.ActiveCfg = Debug|Win32
		{EF9A22E7-D497-4C24-B621-A055174296B1}.Debug|x86.Build.0 = Debug|Win32
		{EF9A22E7-D497-4C24-B621-A055174296B1}.Release|x64.ActiveCfg = Release|x64
		{EF9A22E7-D497-4C24-B621-A055174296B1}.Release|x64.Build.0 = Release|x64
		{EF9A22E7-D497-4C24-B621-A055174296B1}.Release|x86.ActiveCfg = Release|Win32
		{EF9A22E7-D497-4C24-B621-A055174296B1}.Release|x86.Build.0 = Release|Win32
		{C81B3291-E74B-429A-9F81-6EEE27D239C0}.Debug|x64.ActiveCfg = Debug|x64
		{C81B3291-E74B-429A-9F81-6EEE27D239C0}.Debug|x64.Build.0 = Debug|x64
		{C81B3291-E74B-429A-9F81-6EEE27D239C0}.Debug|x86.ActiveCfg = Debug|Win32
		{C81B3291-E74B-429A-9F81-6EEE27D239C0}.Debug|x86.Build.0 = Debug|Win32
		{C81B3291-E74B-429A-9F81-6EEE27D239C0}.Release|x64.ActiveCfg = Release|x64
		{C81B3291-E74B-429A-9F81-6EEE27D239C0}.Release|x64.Build.0 = Release|x64
		{C81B3291-E74B-429A-9F81-6EEE27D239C0}.Release|x86.ActiveCfg = Release|Win32
		{C81B3291-E74B-429A-9F81-6EEE27D239C0}.Release|x86.Build.0 = Release|Win32
		{950DAD91-C87E-4C62-9BA2-0C4E6102A3C1}.Debug|x64.ActiveCfg = Debug|x64
		{950DAD91-C87E-4C62-9BA2-0C4E6102A3C1}.Debug|x64.Build.0 = Debug|x64
		{950DAD91-C87E-4C62-9BA2-0C4E6102A3C1}.Debug|x86.ActiveCfg = Debug|Win32
		{950DAD91-C87E-4C62-9BA2-0C4E6102A3C1}.Debug|x86.Build.0 = Debug|Win32
		{950DAD91-C87E-4C62-9BA2-0C4E6102A3C1}.Release|x64.ActiveCfg = Release|x64
		{950DAD91-C87E-4C62-9BA2-0C4E6102A3C1}.Release|x64.Build.0 = Release|x64
		{950DAD91-C87E-4C62-9BA2-0C4E6102A3C1}.Release|x86.ActiveCfg = Release|Win32
		{950DAD91-C87E-4C62-9BA2-0C4E6102A3C1}.Release|x86.Build.0 = Release|Win32
		{CF75CC5B-6AA4-40CE-A55B-3663C32E263D}.Debug|x64.ActiveCfg = Debug|x64
		{CF75CC5B-6AA4-40CE-A55B-3663C32E263D}.Debug|x64.Build.0 = Debug|x64
		{CF75CC5B-6AA4-40CE-A55B-3663C32E263D}.Debug|x86.ActiveCfg = Debug|Win32
		{CF75CC5B-6AA4-40CE-A55B-3663C32E263D}.Debug|x86.Build.0 = Debug|Win32
		{CF75CC5B-6AA4-40CE-A55B-3663C32E263D}.Release|x64.ActiveCfg = Release|x64
		{CF75CC5B-6AA4-40CE-A55B-3663C32E263D}.Release|x64.Build.0 = Release|x64
		{CF75CC5B-6AA4-40CE-A55B-3663C32E263D}.Release|x86.ActiveCfg = Release|Win32
		{CF75CC5B-6AA4-40CE-A55B-3663C32E263D}.Release|x86.Build.0 = Release|Win32
	EndGlobalSection
	GlobalSection(SolutionProperties) = preSolution
		HideSolutionNode = FALSE
	EndGlobalSection
EndGlobal
