
Microsoft Visual Studio Solution File, Format Version 12.00
# Visual Studio 14
VisualStudioVersion = 14.0.23107.0
MinimumVisualStudioVersion = 10.0.40219.1
Project("{8BC9CEB8-8B4A-11D0-8D11-00A0C91BC942}") = "Library", "Library\Library.vcxproj", "{17430368-BEC7-4FDD-BBB0-119C497B2C5E}"
EndProject
Project("{8BC9CEB8-8B4A-11D0-8D11-00A0C91BC942}") = "02_Shaders", "02_Shaders\02_Shaders.vcxproj", "{CAEC874F-7960-444D-AABC-4FF5E305FFF1}"
EndProject
Project("{8BC9CEB8-8B4A-11D0-8D11-00A0C91BC942}") = "01_Triangle", "01_Triangle\01_Triangle.vcxproj", "{FE2A898A-C169-4E3A-B632-81C39E234DED}"
EndProject
Project("{8BC9CEB8-8B4A-11D0-8D11-00A0C91BC942}") = "03_Textures", "03_Textures\03_Textures.vcxproj", "{A0A03869-2109-4661-ACED-2D7DE3BC5DD8}"
EndProject
Project("{8BC9CEB8-8B4A-11D0-8D11-00A0C91BC942}") = "04_Transformations", "04_Transformations\04_Transformations.vcxproj", "{FB913180-FC89-4F81-A99D-7F17BCF66AE5}"
EndProject
Project("{8BC9CEB8-8B4A-11D0-8D11-00A0C91BC942}") = "05_CoordinateSystems", "05_CoordinateSystems\05_CoordinateSystems.vcxproj", "{EF9A22E7-D497-4C24-B621-A055174296B1}"
EndProject
Project("{8BC9CEB8-8B4A-11D0-8D11-00A0C91BC942}") = "06_Camera", "06_Camera\06_Camera.vcxproj", "{C81B3291-E74B-429A-9F81-6EEE27D239C0}"
EndProject
Project("{8BC9CEB8-8B4A-11D0-8D11-00A0C91BC942}") = "07_Colors", "07_Colors\07_Colors.vcxproj", "{950DAD91-C87E-4C62-9BA2-0C4E6102A3C1}"
EndProject
Project("{8BC9CEB8-8B4A-11D0-8D11-00A0C91BC942}") = "08_PhongLighting", "08_PhongLighting\08_PhongLighting.vcxproj", "{CF75CC5B-6AA4-40CE-A55B-3663C32E263D}"
EndProject
Project("{8BC9CEB8-8B4A-11D0-8D11-00A0C91BC942}") = "09_Materials", "09_Materials\09_Materials.vcxproj", "{54FA34A6-490B-4242-ABB3-AD932D2F0883}"
EndProject
Project("{8BC9CEB8-8B4A-11D0-8D11-00A0C91BC942}") = "10_LightMaps", "10_LightMaps\10_LightMaps.vcxproj", "{3466E568-AD1C-4D1F-91E2-F1D9207374AC}"
EndProject
Project("{8BC9CEB8-8B4A-11D0-8D11-00A0C91BC942}") = "11_LightCasters", "11_LightCasters\11_LightCasters.vcxproj", "{5A151D53-0A0F-4A29-8F0F-519B3552E268}"
EndProject
Project("{8BC9CEB8-8B4A-11D0-8D11-00A0C91BC942}") = "12_MultipleLights", "12_MultipleLights\12_MultipleLights.vcxproj", "{698AEE63-D4DF-4178-A1FB-069E32728BCE}"
EndProject
Project("{8BC9CEB8-8B4A-11D0-8D11-00A0C91BC942}") = "13_ModelImporting", "13_ModelImporting\13_ModelImporting.vcxproj", "{2143FD4A-D877-461E-B150-B97BA76FFB65}"
EndProject
Project("{8BC9CEB8-8B4A-11D0-8D11-00A0C91BC942}") = "14_DepthTesting", "14_DepthTesting\14_DepthTesting.vcxproj", "{D5D94A7E-61CB-4269-B072-D6EAE45B547C}"
EndProject
Project("{8BC9CEB8-8B4A-11D0-8D11-00A0C91BC942}") = "13B_ModelImporting", "13B_ModelImporting\13B_ModelImporting.vcxproj", "{97FD0073-1A89-405E-A118-E13EC8CBE723}"
EndProject
Project("{8BC9CEB8-8B4A-11D0-8D11-00A0C91BC942}") = "15_StencilTesting", "15_StencilTesting\15_StencilTesting.vcxproj", "{35194336-F3C3-4D44-A75F-08EEB65F5488}"
EndProject
Project("{8BC9CEB8-8B4A-11D0-8D11-00A0C91BC942}") = "16_Blending", "16_Blending\16_Blending.vcxproj", "{129DFF4D-33E5-4E89-B27A-7182EB0EE99D}"
EndProject
Project("{8BC9CEB8-8B4A-11D0-8D11-00A0C91BC942}") = "17_FaceCulling", "17_FaceCulling\17_FaceCulling.vcxproj", "{1C82EA0E-1330-44AF-9714-B4EF48872352}"
EndProject
Project("{8BC9CEB8-8B4A-11D0-8D11-00A0C91BC942}") = "18_Frambuffers", "18_Frambuffers\18_Frambuffers.vcxproj", "{74476B38-9EFA-4189-8DE4-FB9CB6C8F172}"
EndProject
Project("{8BC9CEB8-8B4A-11D0-8D11-00A0C91BC942}") = "19_Cubemaps", "19_Cubemaps\19_Cubemaps.vcxproj", "{F16FF939-60E7-4583-8CC7-C36E6553D7C6}"
EndProject
Project("{8BC9CEB8-8B4A-11D0-8D11-00A0C91BC942}") = "19B_Cubemaps_Reflection", "19B_Cubemaps_Reflection\19B_Cubemaps_Reflection.vcxproj", "{DC9535D1-EC45-4094-A35E-48EC58305E8F}"
EndProject
Project("{8BC9CEB8-8B4A-11D0-8D11-00A0C91BC942}") = "19C_Cubemaps_Refraction", "19C_Cubemaps_Refraction\19C_Cubemaps_Refraction.vcxproj", "{DDD6A375-502C-4A4A-B5BC-4369C6374363}"
EndProject
Project("{8BC9CEB8-8B4A-11D0-8D11-00A0C91BC942}") = "20_AdvancedData", "20_AdvancedData\20_AdvancedData.vcxproj", "{8BD0ABDD-FDA7-429A-A290-0FDA79F165B2}"
EndProject
Global
	GlobalSection(SolutionConfigurationPlatforms) = preSolution
		Debug|x64 = Debug|x64
		Debug|x86 = Debug|x86
		Release|x64 = Release|x64
		Release|x86 = Release|x86
	EndGlobalSection
	GlobalSection(ProjectConfigurationPlatforms) = postSolution
		{17430368-BEC7-4FDD-BBB0-119C497B2C5E}.Debug|x64.ActiveCfg = Debug|x64
		{17430368-BEC7-4FDD-BBB0-119C497B2C5E}.Debug|x64.Build.0 = Debug|x64
		{17430368-BEC7-4FDD-BBB0-119C497B2C5E}.Debug|x86.ActiveCfg = Debug|Win32
		{17430368-BEC7-4FDD-BBB0-119C497B2C5E}.Debug|x86.Build.0 = Debug|Win32
		{17430368-BEC7-4FDD-BBB0-119C497B2C5E}.Release|x64.ActiveCfg = Release|x64
		{17430368-BEC7-4FDD-BBB0-119C497B2C5E}.Release|x64.Build.0 = Release|x64
		{17430368-BEC7-4FDD-BBB0-119C497B2C5E}.Release|x86.ActiveCfg = Release|Win32
		{17430368-BEC7-4FDD-BBB0-119C497B2C5E}.Release|x86.Build.0 = Release|Win32
		{CAEC874F-7960-444D-AABC-4FF5E305FFF1}.Debug|x64.ActiveCfg = Debug|x64
		{CAEC874F-7960-444D-AABC-4FF5E305FFF1}.Debug|x64.Build.0 = Debug|x64
		{CAEC874F-7960-444D-AABC-4FF5E305FFF1}.Debug|x86.ActiveCfg = Debug|Win32
		{CAEC874F-7960-444D-AABC-4FF5E305FFF1}.Debug|x86.Build.0 = Debug|Win32
		{CAEC874F-7960-444D-AABC-4FF5E305FFF1}.Release|x64.ActiveCfg = Release|x64
		{CAEC874F-7960-444D-AABC-4FF5E305FFF1}.Release|x64.Build.0 = Release|x64
		{CAEC874F-7960-444D-AABC-4FF5E305FFF1}.Release|x86.ActiveCfg = Release|Win32
		{CAEC874F-7960-444D-AABC-4FF5E305FFF1}.Release|x86.Build.0 = Release|Win32
		{FE2A898A-C169-4E3A-B632-81C39E234DED}.Debug|x64.ActiveCfg = Debug|x64
		{FE2A898A-C169-4E3A-B632-81C39E234DED}.Debug|x64.Build.0 = Debug|x64
		{FE2A898A-C169-4E3A-B632-81C39E234DED}.Debug|x86.ActiveCfg = Debug|Win32
		{FE2A898A-C169-4E3A-B632-81C39E234DED}.Debug|x86.Build.0 = Debug|Win32
		{FE2A898A-C169-4E3A-B632-81C39E234DED}.Release|x64.ActiveCfg = Release|x64
		{FE2A898A-C169-4E3A-B632-81C39E234DED}.Release|x64.Build.0 = Release|x64
		{FE2A898A-C169-4E3A-B632-81C39E234DED}.Release|x86.ActiveCfg = Release|Win32
		{FE2A898A-C169-4E3A-B632-81C39E234DED}.Release|x86.Build.0 = Release|Win32
		{A0A03869-2109-4661-ACED-2D7DE3BC5DD8}.Debug|x64.ActiveCfg = Debug|x64
		{A0A03869-2109-4661-ACED-2D7DE3BC5DD8}.Debug|x64.Build.0 = Debug|x64
		{A0A03869-2109-4661-ACED-2D7DE3BC5DD8}.Debug|x86.ActiveCfg = Debug|Win32
		{A0A03869-2109-4661-ACED-2D7DE3BC5DD8}.Debug|x86.Build.0 = Debug|Win32
		{A0A03869-2109-4661-ACED-2D7DE3BC5DD8}.Release|x64.ActiveCfg = Release|x64
		{A0A03869-2109-4661-ACED-2D7DE3BC5DD8}.Release|x64.Build.0 = Release|x64
		{A0A03869-2109-4661-ACED-2D7DE3BC5DD8}.Release|x86.ActiveCfg = Release|Win32
		{A0A03869-2109-4661-ACED-2D7DE3BC5DD8}.Release|x86.Build.0 = Release|Win32
		{FB913180-FC89-4F81-A99D-7F17BCF66AE5}.Debug|x64.ActiveCfg = Debug|x64
		{FB913180-FC89-4F81-A99D-7F17BCF66AE5}.Debug|x64.Build.0 = Debug|x64
		{FB913180-FC89-4F81-A99D-7F17BCF66AE5}.Debug|x86.ActiveCfg = Debug|Win32
		{FB913180-FC89-4F81-A99D-7F17BCF66AE5}.Debug|x86.Build.0 = Debug|Win32
		{FB913180-FC89-4F81-A99D-7F17BCF66AE5}.Release|x64.ActiveCfg = Release|x64
		{FB913180-FC89-4F81-A99D-7F17BCF66AE5}.Release|x64.Build.0 = Release|x64
		{FB913180-FC89-4F81-A99D-7F17BCF66AE5}.Release|x86.ActiveCfg = Release|Win32
		{FB913180-FC89-4F81-A99D-7F17BCF66AE5}.Release|x86.Build.0 = Release|Win32
		{EF9A22E7-D497-4C24-B621-A055174296B1}.Debug|x64.ActiveCfg = Debug|x64
		{EF9A22E7-D497-4C24-B621-A055174296B1}.Debug|x64.Build.0 = Debug|x64
		{EF9A22E7-D497-4C24-B621-A055174296B1}.Debug|x86.ActiveCfg = Debug|Win32
		{EF9A22E7-D497-4C24-B621-A055174296B1}.Debug|x86.Build.0 = Debug|Win32
		{EF9A22E7-D497-4C24-B621-A055174296B1}.Release|x64.ActiveCfg = Release|x64
		{EF9A22E7-D497-4C24-B621-A055174296B1}.Release|x64.Build.0 = Release|x64
		{EF9A22E7-D497-4C24-B621-A055174296B1}.Release|x86.ActiveCfg = Release|Win32
		{EF9A22E7-D497-4C24-B621-A055174296B1}.Release|x86.Build.0 = Release|Win32
		{C81B3291-E74B-429A-9F81-6EEE27D239C0}.Debug|x64.ActiveCfg = Debug|x64
		{C81B3291-E74B-429A-9F81-6EEE27D239C0}.Debug|x64.Build.0 = Debug|x64
		{C81B3291-E74B-429A-9F81-6EEE27D239C0}.Debug|x86.ActiveCfg = Debug|Win32
		{C81B3291-E74B-429A-9F81-6EEE27D239C0}.Debug|x86.Build.0 = Debug|Win32
		{C81B3291-E74B-429A-9F81-6EEE27D239C0}.Release|x64.ActiveCfg = Release|x64
		{C81B3291-E74B-429A-9F81-6EEE27D239C0}.Release|x64.Build.0 = Release|x64
		{C81B3291-E74B-429A-9F81-6EEE27D239C0}.Release|x86.ActiveCfg = Release|Win32
		{C81B3291-E74B-429A-9F81-6EEE27D239C0}.Release|x86.Build.0 = Release|Win32
		{950DAD91-C87E-4C62-9BA2-0C4E6102A3C1}.Debug|x64.ActiveCfg = Debug|x64
		{950DAD91-C87E-4C62-9BA2-0C4E6102A3C1}.Debug|x64.Build.0 = Debug|x64
		{950DAD91-C87E-4C62-9BA2-0C4E6102A3C1}.Debug|x86.ActiveCfg = Debug|Win32
		{950DAD91-C87E-4C62-9BA2-0C4E6102A3C1}.Debug|x86.Build.0 = Debug|Win32
		{950DAD91-C87E-4C62-9BA2-0C4E6102A3C1}.Release|x64.ActiveCfg = Release|x64
		{950DAD91-C87E-4C62-9BA2-0C4E6102A3C1}.Release|x64.Build.0 = Release|x64
		{950DAD91-C87E-4C62-9BA2-0C4E6102A3C1}.Release|x86.ActiveCfg = Release|Win32
		{950DAD91-C87E-4C62-9BA2-0C4E6102A3C1}.Release|x86.Build.0 = Release|Win32
		{CF75CC5B-6AA4-40CE-A55B-3663C32E263D}.Debug|x64.ActiveCfg = Debug|x64
		{CF75CC5B-6AA4-40CE-A55B-3663C32E263D}.Debug|x64.Build.0 = Debug|x64
		{CF75CC5B-6AA4-40CE-A55B-3663C32E263D}.Debug|x86.ActiveCfg = Debug|Win32
		{CF75CC5B-6AA4-40CE-A55B-3663C32E263D}.Debug|x86.Build.0 = Debug|Win32
		{CF75CC5B-6AA4-40CE-A55B-3663C32E263D}.Release|x64.ActiveCfg = Release|x64
		{CF75CC5B-6AA4-40CE-A55B-3663C32E263D}.Release|x64.Build.0 = Release|x64
		{CF75CC5B-6AA4-40CE-A55B-3663C32E263D}.Release|x86.ActiveCfg = Release|Win32
		{CF75CC5B-6AA4-40CE-A55B-3663C32E263D}.Release|x86.Build.0 = Release|Win32
		{54FA34A6-490B-4242-ABB3-AD932D2F0883}.Debug|x64.ActiveCfg = Debug|x64
		{54FA34A6-490B-4242-ABB3-AD932D2F0883}.Debug|x64.Build.0 = Debug|x64
		{54FA34A6-490B-4242-ABB3-AD932D2F0883}.Debug|x86.ActiveCfg = Debug|Win32
		{54FA34A6-490B-4242-ABB3-AD932D2F0883}.Debug|x86.Build.0 = Debug|Win32
		{54FA34A6-490B-4242-ABB3-AD932D2F0883}.Release|x64.ActiveCfg = Release|x64
		{54FA34A6-490B-4242-ABB3-AD932D2F0883}.Release|x64.Build.0 = Release|x64
		{54FA34A6-490B-4242-ABB3-AD932D2F0883}.Release|x86.ActiveCfg = Release|Win32
		{54FA34A6-490B-4242-ABB3-AD932D2F0883}.Release|x86.Build.0 = Release|Win32
		{3466E568-AD1C-4D1F-91E2-F1D9207374AC}.Debug|x64.ActiveCfg = Debug|x64
		{3466E568-AD1C-4D1F-91E2-F1D9207374AC}.Debug|x64.Build.0 = Debug|x64
		{3466E568-AD1C-4D1F-91E2-F1D9207374AC}.Debug|x86.ActiveCfg = Debug|Win32
		{3466E568-AD1C-4D1F-91E2-F1D9207374AC}.Debug|x86.Build.0 = Debug|Win32
		{3466E568-AD1C-4D1F-91E2-F1D9207374AC}.Release|x64.ActiveCfg = Release|x64
		{3466E568-AD1C-4D1F-91E2-F1D9207374AC}.Release|x64.Build.0 = Release|x64
		{3466E568-AD1C-4D1F-91E2-F1D9207374AC}.Release|x86.ActiveCfg = Release|Win32
		{3466E568-AD1C-4D1F-91E2-F1D9207374AC}.Release|x86.Build.0 = Release|Win32
		{5A151D53-0A0F-4A29-8F0F-519B3552E268}.Debug|x64.ActiveCfg = Debug|x64
		{5A151D53-0A0F-4A29-8F0F-519B3552E268}.Debug|x64.Build.0 = Debug|x64
		{5A151D53-0A0F-4A29-8F0F-519B3552E268}.Debug|x86.ActiveCfg = Debug|Win32
		{5A151D53-0A0F-4A29-8F0F-519B3552E268}.Debug|x86.Build.0 = Debug|Win32
		{5A151D53-0A0F-4A29-8F0F-519B3552E268}.Release|x64.ActiveCfg = Release|x64
		{5A151D53-0A0F-4A29-8F0F-519B3552E268}.Release|x64.Build.0 = Release|x64
		{5A151D53-0A0F-4A29-8F0F-519B3552E268}.Release|x86.ActiveCfg = Release|Win32
		{5A151D53-0A0F-4A29-8F0F-519B3552E268}.Release|x86.Build.0 = Release|Win32
		{698AEE63-D4DF-4178-A1FB-069E32728BCE}.Debug|x64.ActiveCfg = Debug|x64
		{698AEE63-D4DF-4178-A1FB-069E32728BCE}.Debug|x64.Build.0 = Debug|x64
		{698AEE63-D4DF-4178-A1FB-069E32728BCE}.Debug|x86.ActiveCfg = Debug|Win32
		{698AEE63-D4DF-4178-A1FB-069E32728BCE}.Debug|x86.Build.0 = Debug|Win32
		{698AEE63-D4DF-4178-A1FB-069E32728BCE}.Release|x64.ActiveCfg = Release|x64
		{698AEE63-D4DF-4178-A1FB-069E32728BCE}.Release|x64.Build.0 = Release|x64
		{698AEE63-D4DF-4178-A1FB-069E32728BCE}.Release|x86.ActiveCfg = Release|Win32
		{698AEE63-D4DF-4178-A1FB-069E32728BCE}.Release|x86.Build.0 = Release|Win32
		{2143FD4A-D877-461E-B150-B97BA76FFB65}.Debug|x64.ActiveCfg = Debug|x64
		{2143FD4A-D877-461E-B150-B97BA76FFB65}.Debug|x64.Build.0 = Debug|x64
		{2143FD4A-D877-461E-B150-B97BA76FFB65}.Debug|x86.ActiveCfg = Debug|Win32
		{2143FD4A-D877-461E-B150-B97BA76FFB65}.Debug|x86.Build.0 = Debug|Win32
		{2143FD4A-D877-461E-B150-B97BA76FFB65}.Release|x64.ActiveCfg = Release|x64
		{2143FD4A-D877-461E-B150-B97BA76FFB65}.Release|x64.Build.0 = Release|x64
		{2143FD4A-D877-461E-B150-B97BA76FFB65}.Release|x86.ActiveCfg = Release|Win32
		{2143FD4A-D877-461E-B150-B97BA76FFB65}.Release|x86.Build.0 = Release|Win32
		{D5D94A7E-61CB-4269-B072-D6EAE45B547C}.Debug|x64.ActiveCfg = Debug|x64
		{D5D94A7E-61CB-4269-B072-D6EAE45B547C}.Debug|x64.Build.0 = Debug|x64
		{D5D94A7E-61CB-4269-B072-D6EAE45B547C}.Debug|x86.ActiveCfg = Debug|Win32
		{D5D94A7E-61CB-4269-B072-D6EAE45B547C}.Debug|x86.Build.0 = Debug|Win32
		{D5D94A7E-61CB-4269-B072-D6EAE45B547C}.Release|x64.ActiveCfg = Release|x64
		{D5D94A7E-61CB-4269-B072-D6EAE45B547C}.Release|x64.Build.0 = Release|x64
		{D5D94A7E-61CB-4269-B072-D6EAE45B547C}.Release|x86.ActiveCfg = Release|Win32
		{D5D94A7E-61CB-4269-B072-D6EAE45B547C}.Release|x86.Build.0 = Release|Win32
		{97FD0073-1A89-405E-A118-E13EC8CBE723}.Debug|x64.ActiveCfg = Debug|x64
		{97FD0073-1A89-405E-A118-E13EC8CBE723}.Debug|x64.Build.0 = Debug|x64
		{97FD0073-1A89-405E-A118-E13EC8CBE723}.Debug|x86.ActiveCfg = Debug|Win32
		{97FD0073-1A89-405E-A118-E13EC8CBE723}.Debug|x86.Build.0 = Debug|Win32
		{97FD0073-1A89-405E-A118-E13EC8CBE723}.Release|x64.ActiveCfg = Release|x64
		{97FD0073-1A89-405E-A118-E13EC8CBE723}.Release|x64.Build.0 = Release|x64
		{97FD0073-1A89-405E-A118-E13EC8CBE723}.Release|x86.ActiveCfg = Release|Win32
		{97FD0073-1A89-405E-A118-E13EC8CBE723}.Release|x86.Build.0 = Release|Win32
		{35194336-F3C3-4D44-A75F-08EEB65F5488}.Debug|x64.ActiveCfg = Debug|x64
		{35194336-F3C3-4D44-A75F-08EEB65F5488}.Debug|x64.Build.0 = Debug|x64
		{35194336-F3C3-4D44-A75F-08EEB65F5488}.Debug|x86.ActiveCfg = Debug|Win32
		{35194336-F3C3-4D44-A75F-08EEB65F5488}.Debug|x86.Build.0 = Debug|Win32
		{35194336-F3C3-4D44-A75F-08EEB65F5488}.Release|x64.ActiveCfg = Release|x64
		{35194336-F3C3-4D44-A75F-08EEB65F5488}.Release|x64.Build.0 = Release|x64
		{35194336-F3C3-4D44-A75F-08EEB65F5488}.Release|x86.ActiveCfg = Release|Win32
		{35194336-F3C3-4D44-A75F-08EEB65F5488}.Release|x86.Build.0 = Release|Win32
		{129DFF4D-33E5-4E89-B27A-7182EB0EE99D}.Debug|x64.ActiveCfg = Debug|x64
		{129DFF4D-33E5-4E89-B27A-7182EB0EE99D}.Debug|x64.Build.0 = Debug|x64
		{129DFF4D-33E5-4E89-B27A-7182EB0EE99D}.Debug|x86.ActiveCfg = Debug|Win32
		{129DFF4D-33E5-4E89-B27A-7182EB0EE99D}.Debug|x86.Build.0 = Debug|Win32
		{129DFF4D-33E5-4E89-B27A-7182EB0EE99D}.Release|x64.ActiveCfg = Release|x64
		{129DFF4D-33E5-4E89-B27A-7182EB0EE99D}.Release|x64.Build.0 = Release|x64
		{129DFF4D-33E5-4E89-B27A-7182EB0EE99D}.Release|x86.ActiveCfg = Release|Win32
		{129DFF4D-33E5-4E89-B27A-7182EB0EE99D}.Release|x86.Build.0 = Release|Win32
		{1C82EA0E-1330-44AF-9714-B4EF48872352}.Debug|x64.ActiveCfg = Debug|x64
		{1C82EA0E-1330-44AF-9714-B4EF48872352}.Debug|x64.Build.0 = Debug|x64
		{1C82EA0E-1330-44AF-9714-B4EF48872352}.Debug|x86.ActiveCfg = Debug|Win32
		{1C82EA0E-1330-44AF-9714-B4EF48872352}.Debug|x86.Build.0 = Debug|Win32
		{1C82EA0E-1330-44AF-9714-B4EF48872352}.Release|x64.ActiveCfg = Release|x64
		{1C82EA0E-1330-44AF-9714-B4EF48872352}.Release|x64.Build.0 = Release|x64
		{1C82EA0E-1330-44AF-9714-B4EF48872352}.Release|x86.ActiveCfg = Release|Win32
		{1C82EA0E-1330-44AF-9714-B4EF48872352}.Release|x86.Build.0 = Release|Win32
		{74476B38-9EFA-4189-8DE4-FB9CB6C8F172}.Debug|x64.ActiveCfg = Debug|x64
		{74476B38-9EFA-4189-8DE4-FB9CB6C8F172}.Debug|x64.Build.0 = Debug|x64
		{74476B38-9EFA-4189-8DE4-FB9CB6C8F172}.Debug|x86.ActiveCfg = Debug|Win32
		{74476B38-9EFA-4189-8DE4-FB9CB6C8F172}.Debug|x86.Build.0 = Debug|Win32
		{74476B38-9EFA-4189-8DE4-FB9CB6C8F172}.Release|x64.ActiveCfg = Release|x64
		{74476B38-9EFA-4189-8DE4-FB9CB6C8F172}.Release|x64.Build.0 = Release|x64
		{74476B38-9EFA-4189-8DE4-FB9CB6C8F172}.Release|x86.ActiveCfg = Release|Win32
		{74476B38-9EFA-4189-8DE4-FB9CB6C8F172}.Release|x86.Build.0 = Release|Win32
		{F16FF939-60E7-4583-8CC7-C36E6553D7C6}.Debug|x64.ActiveCfg = Debug|x64
		{F16FF939-60E7-4583-8CC7-C36E6553D7C6}.Debug|x64.Build.0 = Debug|x64
		{F16FF939-60E7-4583-8CC7-C36E6553D7C6}.Debug|x86.ActiveCfg = Debug|Win32
		{F16FF939-60E7-4583-8CC7-C36E6553D7C6}.Debug|x86.Build.0 = Debug|Win32
		{F16FF939-60E7-4583-8CC7-C36E6553D7C6}.Release|x64.ActiveCfg = Release|x64
		{F16FF939-60E7-4583-8CC7-C36E6553D7C6}.Release|x64.Build.0 = Release|x64
		{F16FF939-60E7-4583-8CC7-C36E6553D7C6}.Release|x86.ActiveCfg = Release|Win32
		{F16FF939-60E7-4583-8CC7-C36E6553D7C6}.Release|x86.Build.0 = Release|Win32
		{DC9535D1-EC45-4094-A35E-48EC58305E8F}.Debug|x64.ActiveCfg = Debug|x64
		{DC9535D1-EC45-4094-A35E-48EC58305E8F}.Debug|x64.Build.0 = Debug|x64
		{DC9535D1-EC45-4094-A35E-48EC58305E8F}.Debug|x86.ActiveCfg = Debug|Win32
		{DC9535D1-EC45-4094-A35E-48EC58305E8F}.Debug|x86.Build.0 = Debug|Win32
		{DC9535D1-EC45-4094-A35E-48EC58305E8F}.Release|x64.ActiveCfg = Release|x64
		{DC9535D1-EC45-4094-A35E-48EC58305E8F}.Release|x64.Build.0 = Release|x64
		{DC9535D1-EC45-4094-A35E-48EC58305E8F}.Release|x86.ActiveCfg = Release|Win32
		{DC9535D1-EC45-4094-A35E-48EC58305E8F}.Release|x86.Build.0 = Release|Win32
		{DDD6A375-502C-4A4A-B5BC-4369C6374363}.Debug|x64.ActiveCfg = Debug|x64
		{DDD6A375-502C-4A4A-B5BC-4369C6374363}.Debug|x64.Build.0 = Debug|x64
		{DDD6A375-502C-4A4A-B5BC-4369C6374363}.Debug|x86.ActiveCfg = Debug|Win32
		{DDD6A375-502C-4A4A-B5BC-4369C6374363}.Debug|x86.Build.0 = Debug|Win32
		{DDD6A375-502C-4A4A-B5BC-4369C6374363}.Release|x64.ActiveCfg = Release|x64
		{DDD6A375-502C-4A4A-B5BC-4369C6374363}.Release|x64.Build.0 = Release|x64
		{DDD6A375-502C-4A4A-B5BC-4369C6374363}.Release|x86.ActiveCfg = Release|Win32
		{DDD6A375-502C-4A4A-B5BC-4369C6374363}.Release|x86.Build.0 = Release|Win32
		{8BD0ABDD-FDA7-429A-A290-0FDA79F165B2}.Debug|x64.ActiveCfg = Debug|x64
		{8BD0ABDD-FDA7-429A-A290-0FDA79F165B2}.Debug|x64.Build.0 = Debug|x64
		{8BD0ABDD-FDA7-429A-A290-0FDA79F165B2}.Debug|x86.ActiveCfg = Debug|Win32
		{8BD0ABDD-FDA7-429A-A290-0FDA79F165B2}.Debug|x86.Build.0 = Debug|Win32
		{8BD0ABDD-FDA7-429A-A290-0FDA79F165B2}.Release|x64.ActiveCfg = Release|x64
		{8BD0ABDD-FDA7-429A-A290-0FDA79F165B2}.Release|x64.Build.0 = Release|x64
		{8BD0ABDD-FDA7-429A-A290-0FDA79F165B2}.Release|x86.ActiveCfg = Release|Win32
		{8BD0ABDD-FDA7-429A-A290-0FDA79F165B2}.Release|x86.Build.0 = Release|Win32
	EndGlobalSection
	GlobalSection(SolutionProperties) = preSolution
		HideSolutionNode = FALSE
	EndGlobalSection
EndGlobal
